
Microsoft Visual Studio Solution File, Format Version 12.00
# Visual Studio Version 16
VisualStudioVersion = 16.0.30907.101
MinimumVisualStudioVersion = 10.0.40219.1
Project("{9A19103F-16F7-4668-BE54-9A1E7A4F7556}") = "XF.ChartLibrary", "XF.ChartLibrary\XF.ChartLibrary.csproj", "{789BBAED-7FD8-4BA2-A90B-7B8E7AA95940}"
EndProject
Project("{D954291E-2A0B-460D-934E-DC6B0785DB48}") = "XF.ChartLibrary.Shared", "XF.ChartLibrary.Shared\XF.ChartLibrary.Shared.shproj", "{2F9F354B-B213-49D1-A717-49048C1A0CDC}"
EndProject
Project("{9A19103F-16F7-4668-BE54-9A1E7A4F7556}") = "XF.ChartLibrary.Droid", "XF.ChartLibrary.Droid\XF.ChartLibrary.Droid.csproj", "{CB57A7BA-A6B1-466B-B9A4-041EF5062E46}"
EndProject
Project("{9A19103F-16F7-4668-BE54-9A1E7A4F7556}") = "XF.ChartLibrary.iOS", "XF.ChartLibrary.iOS\XF.ChartLibrary.iOS.csproj", "{A34696F4-44A4-49B5-85A1-9D953566A27F}"
EndProject
Project("{D954291E-2A0B-460D-934E-DC6B0785DB48}") = "XF.ChartLibrary.SkiaSharp", "XF.ChartLibrary.SkiaSharp\XF.ChartLibrary.SkiaSharp.shproj", "{F1134DC1-F24E-461E-9F60-980558265A5F}"
EndProject
Project("{9A19103F-16F7-4668-BE54-9A1E7A4F7556}") = "XF.ChartLibrary.WPF", "XF.ChartLibrary.WPF\XF.ChartLibrary.WPF.csproj", "{47A9FD2B-838D-4E17-B15B-69D6D8223E53}"
EndProject
Project("{9A19103F-16F7-4668-BE54-9A1E7A4F7556}") = "Sample.WPF", "Sample.WPF\Sample.WPF.csproj", "{DDB68E25-DBD5-4412-9D9C-576E84823445}"
EndProject
Project("{2150E333-8FDC-42A3-9474-1A3956D46DE8}") = "Forms", "Forms", "{F5013B13-7898-4689-8657-A6DA8B9A98FB}"
EndProject
Project("{FAE04EC0-301F-11D3-BF4B-00C04F79EFBC}") = "Sample.Android", "Sample\Sample.Android\Sample.Android.csproj", "{777897AF-7236-4C16-BBAF-5334588A6582}"
EndProject
Project("{FAE04EC0-301F-11D3-BF4B-00C04F79EFBC}") = "Sample.iOS", "Sample\Sample.iOS\Sample.iOS.csproj", "{BE45A678-3EBF-41C3-B047-755FA372A703}"
EndProject
Project("{9A19103F-16F7-4668-BE54-9A1E7A4F7556}") = "Sample", "Sample\Sample\Sample.csproj", "{3210CE40-EF06-4A9A-8460-B998AD2E4B18}"
EndProject
Project("{FAE04EC0-301F-11D3-BF4B-00C04F79EFBC}") = "XF.ChartLibrary.Example.Android", "XF.ChartLibrary.Example\XF.ChartLibrary.Example.Android\XF.ChartLibrary.Example.Android.csproj", "{3A54331D-EA59-4ABE-A197-7C46C9C63DA4}"
EndProject
Project("{FAE04EC0-301F-11D3-BF4B-00C04F79EFBC}") = "XF.ChartLibrary.Example.iOS", "XF.ChartLibrary.Example\XF.ChartLibrary.Example.iOS\XF.ChartLibrary.Example.iOS.csproj", "{95FA670E-7ED7-4C4C-9F78-7D132AD4AD9F}"
EndProject
Project("{FAE04EC0-301F-11D3-BF4B-00C04F79EFBC}") = "XF.ChartLibrary.Example", "XF.ChartLibrary.Example\XF.ChartLibrary.Example\XF.ChartLibrary.Example.csproj", "{24542221-8395-46E8-8CAC-6FEF6F7FFBFE}"
EndProject
Global
	GlobalSection(SharedMSBuildProjectFiles) = preSolution
		XF.ChartLibrary.Shared\XF.ChartLibrary.Shared.projitems*{2f9f354b-b213-49d1-a717-49048c1a0cdc}*SharedItemsImports = 13
		XF.ChartLibrary.Shared\XF.ChartLibrary.Shared.projitems*{47a9fd2b-838d-4e17-b15b-69d6d8223e53}*SharedItemsImports = 5
		XF.ChartLibrary.SkiaSharp\XF.ChartLibrary.SkiaSharp.projitems*{47a9fd2b-838d-4e17-b15b-69d6d8223e53}*SharedItemsImports = 5
		XF.ChartLibrary.Shared\XF.ChartLibrary.Shared.projitems*{789bbaed-7fd8-4ba2-a90b-7b8e7aa95940}*SharedItemsImports = 5
		XF.ChartLibrary.SkiaSharp\XF.ChartLibrary.SkiaSharp.projitems*{789bbaed-7fd8-4ba2-a90b-7b8e7aa95940}*SharedItemsImports = 5
		XF.ChartLibrary.Shared\XF.ChartLibrary.Shared.projitems*{a34696f4-44a4-49b5-85a1-9d953566a27f}*SharedItemsImports = 5
		XF.ChartLibrary.Shared\XF.ChartLibrary.Shared.projitems*{cb57a7ba-a6b1-466b-b9a4-041ef5062e46}*SharedItemsImports = 5
		XF.ChartLibrary.SkiaSharp\XF.ChartLibrary.SkiaSharp.projitems*{f1134dc1-f24e-461e-9f60-980558265a5f}*SharedItemsImports = 13
	EndGlobalSection
	GlobalSection(SolutionConfigurationPlatforms) = preSolution
		Debug|Any CPU = Debug|Any CPU
		Debug|iPhone = Debug|iPhone
		Debug|iPhoneSimulator = Debug|iPhoneSimulator
		Release|Any CPU = Release|Any CPU
		Release|iPhone = Release|iPhone
		Release|iPhoneSimulator = Release|iPhoneSimulator
	EndGlobalSection
	GlobalSection(ProjectConfigurationPlatforms) = postSolution
		{789BBAED-7FD8-4BA2-A90B-7B8E7AA95940}.Debug|Any CPU.ActiveCfg = Debug|Any CPU
		{789BBAED-7FD8-4BA2-A90B-7B8E7AA95940}.Debug|Any CPU.Build.0 = Debug|Any CPU
		{789BBAED-7FD8-4BA2-A90B-7B8E7AA95940}.Debug|iPhone.ActiveCfg = Debug|Any CPU
		{789BBAED-7FD8-4BA2-A90B-7B8E7AA95940}.Debug|iPhone.Build.0 = Debug|Any CPU
		{789BBAED-7FD8-4BA2-A90B-7B8E7AA95940}.Debug|iPhoneSimulator.ActiveCfg = Debug|Any CPU
		{789BBAED-7FD8-4BA2-A90B-7B8E7AA95940}.Debug|iPhoneSimulator.Build.0 = Debug|Any CPU
		{789BBAED-7FD8-4BA2-A90B-7B8E7AA95940}.Release|Any CPU.ActiveCfg = Release|Any CPU
		{789BBAED-7FD8-4BA2-A90B-7B8E7AA95940}.Release|Any CPU.Build.0 = Release|Any CPU
		{789BBAED-7FD8-4BA2-A90B-7B8E7AA95940}.Release|iPhone.ActiveCfg = Release|Any CPU
		{789BBAED-7FD8-4BA2-A90B-7B8E7AA95940}.Release|iPhone.Build.0 = Release|Any CPU
		{789BBAED-7FD8-4BA2-A90B-7B8E7AA95940}.Release|iPhoneSimulator.ActiveCfg = Release|Any CPU
		{789BBAED-7FD8-4BA2-A90B-7B8E7AA95940}.Release|iPhoneSimulator.Build.0 = Release|Any CPU
		{CB57A7BA-A6B1-466B-B9A4-041EF5062E46}.Debug|Any CPU.ActiveCfg = Debug|Any CPU
		{CB57A7BA-A6B1-466B-B9A4-041EF5062E46}.Debug|Any CPU.Build.0 = Debug|Any CPU
		{CB57A7BA-A6B1-466B-B9A4-041EF5062E46}.Debug|iPhone.ActiveCfg = Debug|Any CPU
		{CB57A7BA-A6B1-466B-B9A4-041EF5062E46}.Debug|iPhone.Build.0 = Debug|Any CPU
		{CB57A7BA-A6B1-466B-B9A4-041EF5062E46}.Debug|iPhoneSimulator.ActiveCfg = Debug|Any CPU
		{CB57A7BA-A6B1-466B-B9A4-041EF5062E46}.Debug|iPhoneSimulator.Build.0 = Debug|Any CPU
		{CB57A7BA-A6B1-466B-B9A4-041EF5062E46}.Release|Any CPU.ActiveCfg = Release|Any CPU
		{CB57A7BA-A6B1-466B-B9A4-041EF5062E46}.Release|Any CPU.Build.0 = Release|Any CPU
		{CB57A7BA-A6B1-466B-B9A4-041EF5062E46}.Release|iPhone.ActiveCfg = Release|Any CPU
		{CB57A7BA-A6B1-466B-B9A4-041EF5062E46}.Release|iPhone.Build.0 = Release|Any CPU
		{CB57A7BA-A6B1-466B-B9A4-041EF5062E46}.Release|iPhoneSimulator.ActiveCfg = Release|Any CPU
		{CB57A7BA-A6B1-466B-B9A4-041EF5062E46}.Release|iPhoneSimulator.Build.0 = Release|Any CPU
		{A34696F4-44A4-49B5-85A1-9D953566A27F}.Debug|Any CPU.ActiveCfg = Debug|Any CPU
		{A34696F4-44A4-49B5-85A1-9D953566A27F}.Debug|Any CPU.Build.0 = Debug|Any CPU
		{A34696F4-44A4-49B5-85A1-9D953566A27F}.Debug|iPhone.ActiveCfg = Debug|Any CPU
		{A34696F4-44A4-49B5-85A1-9D953566A27F}.Debug|iPhone.Build.0 = Debug|Any CPU
		{A34696F4-44A4-49B5-85A1-9D953566A27F}.Debug|iPhoneSimulator.ActiveCfg = Debug|Any CPU
		{A34696F4-44A4-49B5-85A1-9D953566A27F}.Debug|iPhoneSimulator.Build.0 = Debug|Any CPU
		{A34696F4-44A4-49B5-85A1-9D953566A27F}.Release|Any CPU.ActiveCfg = Release|Any CPU
		{A34696F4-44A4-49B5-85A1-9D953566A27F}.Release|Any CPU.Build.0 = Release|Any CPU
		{A34696F4-44A4-49B5-85A1-9D953566A27F}.Release|iPhone.ActiveCfg = Release|Any CPU
		{A34696F4-44A4-49B5-85A1-9D953566A27F}.Release|iPhone.Build.0 = Release|Any CPU
		{A34696F4-44A4-49B5-85A1-9D953566A27F}.Release|iPhoneSimulator.ActiveCfg = Release|Any CPU
		{A34696F4-44A4-49B5-85A1-9D953566A27F}.Release|iPhoneSimulator.Build.0 = Release|Any CPU
		{47A9FD2B-838D-4E17-B15B-69D6D8223E53}.Debug|Any CPU.ActiveCfg = Debug|Any CPU
		{47A9FD2B-838D-4E17-B15B-69D6D8223E53}.Debug|Any CPU.Build.0 = Debug|Any CPU
		{47A9FD2B-838D-4E17-B15B-69D6D8223E53}.Debug|iPhone.ActiveCfg = Debug|Any CPU
		{47A9FD2B-838D-4E17-B15B-69D6D8223E53}.Debug|iPhone.Build.0 = Debug|Any CPU
		{47A9FD2B-838D-4E17-B15B-69D6D8223E53}.Debug|iPhoneSimulator.ActiveCfg = Debug|Any CPU
		{47A9FD2B-838D-4E17-B15B-69D6D8223E53}.Debug|iPhoneSimulator.Build.0 = Debug|Any CPU
		{47A9FD2B-838D-4E17-B15B-69D6D8223E53}.Release|Any CPU.ActiveCfg = Release|Any CPU
		{47A9FD2B-838D-4E17-B15B-69D6D8223E53}.Release|Any CPU.Build.0 = Release|Any CPU
		{47A9FD2B-838D-4E17-B15B-69D6D8223E53}.Release|iPhone.ActiveCfg = Release|Any CPU
		{47A9FD2B-838D-4E17-B15B-69D6D8223E53}.Release|iPhone.Build.0 = Release|Any CPU
		{47A9FD2B-838D-4E17-B15B-69D6D8223E53}.Release|iPhoneSimulator.ActiveCfg = Release|Any CPU
		{47A9FD2B-838D-4E17-B15B-69D6D8223E53}.Release|iPhoneSimulator.Build.0 = Release|Any CPU
		{DDB68E25-DBD5-4412-9D9C-576E84823445}.Debug|Any CPU.ActiveCfg = Debug|Any CPU
		{DDB68E25-DBD5-4412-9D9C-576E84823445}.Debug|Any CPU.Build.0 = Debug|Any CPU
		{DDB68E25-DBD5-4412-9D9C-576E84823445}.Debug|iPhone.ActiveCfg = Debug|Any CPU
		{DDB68E25-DBD5-4412-9D9C-576E84823445}.Debug|iPhone.Build.0 = Debug|Any CPU
		{DDB68E25-DBD5-4412-9D9C-576E84823445}.Debug|iPhoneSimulator.ActiveCfg = Debug|Any CPU
		{DDB68E25-DBD5-4412-9D9C-576E84823445}.Debug|iPhoneSimulator.Build.0 = Debug|Any CPU
		{DDB68E25-DBD5-4412-9D9C-576E84823445}.Release|Any CPU.ActiveCfg = Release|Any CPU
		{DDB68E25-DBD5-4412-9D9C-576E84823445}.Release|Any CPU.Build.0 = Release|Any CPU
		{DDB68E25-DBD5-4412-9D9C-576E84823445}.Release|iPhone.ActiveCfg = Release|Any CPU
		{DDB68E25-DBD5-4412-9D9C-576E84823445}.Release|iPhone.Build.0 = Release|Any CPU
		{DDB68E25-DBD5-4412-9D9C-576E84823445}.Release|iPhoneSimulator.ActiveCfg = Release|Any CPU
		{DDB68E25-DBD5-4412-9D9C-576E84823445}.Release|iPhoneSimulator.Build.0 = Release|Any CPU
		{777897AF-7236-4C16-BBAF-5334588A6582}.Debug|Any CPU.ActiveCfg = Debug|Any CPU
		{777897AF-7236-4C16-BBAF-5334588A6582}.Debug|Any CPU.Build.0 = Debug|Any CPU
		{777897AF-7236-4C16-BBAF-5334588A6582}.Debug|Any CPU.Deploy.0 = Debug|Any CPU
		{777897AF-7236-4C16-BBAF-5334588A6582}.Debug|iPhone.ActiveCfg = Debug|Any CPU
		{777897AF-7236-4C16-BBAF-5334588A6582}.Debug|iPhone.Build.0 = Debug|Any CPU
		{777897AF-7236-4C16-BBAF-5334588A6582}.Debug|iPhone.Deploy.0 = Debug|Any CPU
		{777897AF-7236-4C16-BBAF-5334588A6582}.Debug|iPhoneSimulator.ActiveCfg = Debug|Any CPU
		{777897AF-7236-4C16-BBAF-5334588A6582}.Debug|iPhoneSimulator.Build.0 = Debug|Any CPU
		{777897AF-7236-4C16-BBAF-5334588A6582}.Debug|iPhoneSimulator.Deploy.0 = Debug|Any CPU
		{777897AF-7236-4C16-BBAF-5334588A6582}.Release|Any CPU.ActiveCfg = Release|Any CPU
		{777897AF-7236-4C16-BBAF-5334588A6582}.Release|Any CPU.Build.0 = Release|Any CPU
		{777897AF-7236-4C16-BBAF-5334588A6582}.Release|Any CPU.Deploy.0 = Release|Any CPU
		{777897AF-7236-4C16-BBAF-5334588A6582}.Release|iPhone.ActiveCfg = Release|Any CPU
		{777897AF-7236-4C16-BBAF-5334588A6582}.Release|iPhone.Build.0 = Release|Any CPU
		{777897AF-7236-4C16-BBAF-5334588A6582}.Release|iPhone.Deploy.0 = Release|Any CPU
		{777897AF-7236-4C16-BBAF-5334588A6582}.Release|iPhoneSimulator.ActiveCfg = Release|Any CPU
		{777897AF-7236-4C16-BBAF-5334588A6582}.Release|iPhoneSimulator.Build.0 = Release|Any CPU
		{777897AF-7236-4C16-BBAF-5334588A6582}.Release|iPhoneSimulator.Deploy.0 = Release|Any CPU
		{BE45A678-3EBF-41C3-B047-755FA372A703}.Debug|Any CPU.ActiveCfg = Debug|iPhoneSimulator
		{BE45A678-3EBF-41C3-B047-755FA372A703}.Debug|iPhone.ActiveCfg = Debug|iPhone
		{BE45A678-3EBF-41C3-B047-755FA372A703}.Debug|iPhone.Build.0 = Debug|iPhone
		{BE45A678-3EBF-41C3-B047-755FA372A703}.Debug|iPhoneSimulator.ActiveCfg = Debug|iPhoneSimulator
		{BE45A678-3EBF-41C3-B047-755FA372A703}.Debug|iPhoneSimulator.Build.0 = Debug|iPhoneSimulator
		{BE45A678-3EBF-41C3-B047-755FA372A703}.Release|Any CPU.ActiveCfg = Release|iPhoneSimulator
		{BE45A678-3EBF-41C3-B047-755FA372A703}.Release|iPhone.ActiveCfg = Release|iPhone
		{BE45A678-3EBF-41C3-B047-755FA372A703}.Release|iPhone.Build.0 = Release|iPhone
		{BE45A678-3EBF-41C3-B047-755FA372A703}.Release|iPhoneSimulator.ActiveCfg = Release|iPhoneSimulator
		{BE45A678-3EBF-41C3-B047-755FA372A703}.Release|iPhoneSimulator.Build.0 = Release|iPhoneSimulator
		{3210CE40-EF06-4A9A-8460-B998AD2E4B18}.Debug|Any CPU.ActiveCfg = Debug|Any CPU
		{3210CE40-EF06-4A9A-8460-B998AD2E4B18}.Debug|Any CPU.Build.0 = Debug|Any CPU
		{3210CE40-EF06-4A9A-8460-B998AD2E4B18}.Debug|iPhone.ActiveCfg = Debug|Any CPU
		{3210CE40-EF06-4A9A-8460-B998AD2E4B18}.Debug|iPhone.Build.0 = Debug|Any CPU
		{3210CE40-EF06-4A9A-8460-B998AD2E4B18}.Debug|iPhoneSimulator.ActiveCfg = Debug|Any CPU
		{3210CE40-EF06-4A9A-8460-B998AD2E4B18}.Debug|iPhoneSimulator.Build.0 = Debug|Any CPU
		{3210CE40-EF06-4A9A-8460-B998AD2E4B18}.Release|Any CPU.ActiveCfg = Release|Any CPU
		{3210CE40-EF06-4A9A-8460-B998AD2E4B18}.Release|Any CPU.Build.0 = Release|Any CPU
		{3210CE40-EF06-4A9A-8460-B998AD2E4B18}.Release|iPhone.ActiveCfg = Release|Any CPU
		{3210CE40-EF06-4A9A-8460-B998AD2E4B18}.Release|iPhone.Build.0 = Release|Any CPU
		{3210CE40-EF06-4A9A-8460-B998AD2E4B18}.Release|iPhoneSimulator.ActiveCfg = Release|Any CPU
		{3210CE40-EF06-4A9A-8460-B998AD2E4B18}.Release|iPhoneSimulator.Build.0 = Release|Any CPU
		{3A54331D-EA59-4ABE-A197-7C46C9C63DA4}.Debug|Any CPU.ActiveCfg = Debug|Any CPU
		{3A54331D-EA59-4ABE-A197-7C46C9C63DA4}.Debug|Any CPU.Build.0 = Debug|Any CPU
		{3A54331D-EA59-4ABE-A197-7C46C9C63DA4}.Debug|Any CPU.Deploy.0 = Debug|Any CPU
		{3A54331D-EA59-4ABE-A197-7C46C9C63DA4}.Debug|iPhone.ActiveCfg = Debug|Any CPU
		{3A54331D-EA59-4ABE-A197-7C46C9C63DA4}.Debug|iPhone.Build.0 = Debug|Any CPU
		{3A54331D-EA59-4ABE-A197-7C46C9C63DA4}.Debug|iPhone.Deploy.0 = Debug|Any CPU
		{3A54331D-EA59-4ABE-A197-7C46C9C63DA4}.Debug|iPhoneSimulator.ActiveCfg = Debug|Any CPU
		{3A54331D-EA59-4ABE-A197-7C46C9C63DA4}.Debug|iPhoneSimulator.Build.0 = Debug|Any CPU
		{3A54331D-EA59-4ABE-A197-7C46C9C63DA4}.Debug|iPhoneSimulator.Deploy.0 = Debug|Any CPU
		{3A54331D-EA59-4ABE-A197-7C46C9C63DA4}.Release|Any CPU.ActiveCfg = Release|Any CPU
		{3A54331D-EA59-4ABE-A197-7C46C9C63DA4}.Release|Any CPU.Build.0 = Release|Any CPU
		{3A54331D-EA59-4ABE-A197-7C46C9C63DA4}.Release|Any CPU.Deploy.0 = Release|Any CPU
		{3A54331D-EA59-4ABE-A197-7C46C9C63DA4}.Release|iPhone.ActiveCfg = Release|Any CPU
		{3A54331D-EA59-4ABE-A197-7C46C9C63DA4}.Release|iPhone.Build.0 = Release|Any CPU
		{3A54331D-EA59-4ABE-A197-7C46C9C63DA4}.Release|iPhone.Deploy.0 = Release|Any CPU
		{3A54331D-EA59-4ABE-A197-7C46C9C63DA4}.Release|iPhoneSimulator.ActiveCfg = Release|Any CPU
		{3A54331D-EA59-4ABE-A197-7C46C9C63DA4}.Release|iPhoneSimulator.Build.0 = Release|Any CPU
		{3A54331D-EA59-4ABE-A197-7C46C9C63DA4}.Release|iPhoneSimulator.Deploy.0 = Release|Any CPU
		{95FA670E-7ED7-4C4C-9F78-7D132AD4AD9F}.Debug|Any CPU.ActiveCfg = Debug|iPhoneSimulator
		{95FA670E-7ED7-4C4C-9F78-7D132AD4AD9F}.Debug|iPhone.ActiveCfg = Debug|iPhone
		{95FA670E-7ED7-4C4C-9F78-7D132AD4AD9F}.Debug|iPhone.Build.0 = Debug|iPhone
		{95FA670E-7ED7-4C4C-9F78-7D132AD4AD9F}.Debug|iPhoneSimulator.ActiveCfg = Debug|iPhoneSimulator
		{95FA670E-7ED7-4C4C-9F78-7D132AD4AD9F}.Debug|iPhoneSimulator.Build.0 = Debug|iPhoneSimulator
		{95FA670E-7ED7-4C4C-9F78-7D132AD4AD9F}.Release|Any CPU.ActiveCfg = Release|iPhoneSimulator
		{95FA670E-7ED7-4C4C-9F78-7D132AD4AD9F}.Release|iPhone.ActiveCfg = Release|iPhone
		{95FA670E-7ED7-4C4C-9F78-7D132AD4AD9F}.Release|iPhone.Build.0 = Release|iPhone
		{95FA670E-7ED7-4C4C-9F78-7D132AD4AD9F}.Release|iPhoneSimulator.ActiveCfg = Release|iPhoneSimulator
		{95FA670E-7ED7-4C4C-9F78-7D132AD4AD9F}.Release|iPhoneSimulator.Build.0 = Release|iPhoneSimulator
		{24542221-8395-46E8-8CAC-6FEF6F7FFBFE}.Debug|Any CPU.ActiveCfg = Debug|Any CPU
		{24542221-8395-46E8-8CAC-6FEF6F7FFBFE}.Debug|Any CPU.Build.0 = Debug|Any CPU
		{24542221-8395-46E8-8CAC-6FEF6F7FFBFE}.Debug|iPhone.ActiveCfg = Debug|Any CPU
		{24542221-8395-46E8-8CAC-6FEF6F7FFBFE}.Debug|iPhone.Build.0 = Debug|Any CPU
		{24542221-8395-46E8-8CAC-6FEF6F7FFBFE}.Debug|iPhoneSimulator.ActiveCfg = Debug|Any CPU
		{24542221-8395-46E8-8CAC-6FEF6F7FFBFE}.Debug|iPhoneSimulator.Build.0 = Debug|Any CPU
		{24542221-8395-46E8-8CAC-6FEF6F7FFBFE}.Release|Any CPU.ActiveCfg = Release|Any CPU
		{24542221-8395-46E8-8CAC-6FEF6F7FFBFE}.Release|Any CPU.Build.0 = Release|Any CPU
		{24542221-8395-46E8-8CAC-6FEF6F7FFBFE}.Release|iPhone.ActiveCfg = Release|Any CPU
		{24542221-8395-46E8-8CAC-6FEF6F7FFBFE}.Release|iPhone.Build.0 = Release|Any CPU
		{24542221-8395-46E8-8CAC-6FEF6F7FFBFE}.Release|iPhoneSimulator.ActiveCfg = Release|Any CPU
		{24542221-8395-46E8-8CAC-6FEF6F7FFBFE}.Release|iPhoneSimulator.Build.0 = Release|Any CPU
	EndGlobalSection
	GlobalSection(SolutionProperties) = preSolution
		HideSolutionNode = FALSE
	EndGlobalSection
	GlobalSection(NestedProjects) = preSolution
		{777897AF-7236-4C16-BBAF-5334588A6582} = {F5013B13-7898-4689-8657-A6DA8B9A98FB}
		{BE45A678-3EBF-41C3-B047-755FA372A703} = {F5013B13-7898-4689-8657-A6DA8B9A98FB}
		{3210CE40-EF06-4A9A-8460-B998AD2E4B18} = {F5013B13-7898-4689-8657-A6DA8B9A98FB}
		{3A54331D-EA59-4ABE-A197-7C46C9C63DA4} = {F5013B13-7898-4689-8657-A6DA8B9A98FB}
		{95FA670E-7ED7-4C4C-9F78-7D132AD4AD9F} = {F5013B13-7898-4689-8657-A6DA8B9A98FB}
		{24542221-8395-46E8-8CAC-6FEF6F7FFBFE} = {F5013B13-7898-4689-8657-A6DA8B9A98FB}
	EndGlobalSection
	GlobalSection(ExtensibilityGlobals) = postSolution
		SolutionGuid = {3E2E2B0C-8D90-4025-BB92-5CE59D0DD0C4}
	EndGlobalSection
EndGlobal
