
Microsoft Visual Studio Solution File, Format Version 12.00
# Visual Studio Version 16
VisualStudioVersion = 16.0.30907.101
MinimumVisualStudioVersion = 10.0.40219.1
Project("{9A19103F-16F7-4668-BE54-9A1E7A4F7556}") = "XF.ChartLibrary", "XF.ChartLibrary\XF.ChartLibrary.csproj", "{789BBAED-7FD8-4BA2-A90B-7B8E7AA95940}"
EndProject
Project("{D954291E-2A0B-460D-934E-DC6B0785DB48}") = "XF.ChartLibrary.Shared", "XF.ChartLibrary.Shared\XF.ChartLibrary.Shared.shproj", "{2F9F354B-B213-49D1-A717-49048C1A0CDC}"
EndProject
Project("{D954291E-2A0B-460D-934E-DC6B0785DB48}") = "XF.ChartLibrary.SkiaSharp", "XF.ChartLibrary.SkiaSharp\XF.ChartLibrary.SkiaSharp.shproj", "{F1134DC1-F24E-461E-9F60-980558265A5F}"
EndProject
Global
	GlobalSection(SharedMSBuildProjectFiles) = preSolution
		XF.ChartLibrary.Shared\XF.ChartLibrary.Shared.projitems*{2f9f354b-b213-49d1-a717-49048c1a0cdc}*SharedItemsImports = 13
		XF.ChartLibrary.Shared\XF.ChartLibrary.Shared.projitems*{789bbaed-7fd8-4ba2-a90b-7b8e7aa95940}*SharedItemsImports = 5
		XF.ChartLibrary.SkiaSharp\XF.ChartLibrary.SkiaSharp.projitems*{789bbaed-7fd8-4ba2-a90b-7b8e7aa95940}*SharedItemsImports = 5
		XF.ChartLibrary.SkiaSharp\XF.ChartLibrary.SkiaSharp.projitems*{f1134dc1-f24e-461e-9f60-980558265a5f}*SharedItemsImports = 13
	EndGlobalSection
	GlobalSection(SolutionConfigurationPlatforms) = preSolution
		Debug|Any CPU = Debug|Any CPU
		Debug|iPhone = Debug|iPhone
		Debug|iPhoneSimulator = Debug|iPhoneSimulator
		Release|Any CPU = Release|Any CPU
		Release|iPhone = Release|iPhone
		Release|iPhoneSimulator = Release|iPhoneSimulator
	EndGlobalSection
	GlobalSection(ProjectConfigurationPlatforms) = postSolution
		{789BBAED-7FD8-4BA2-A90B-7B8E7AA95940}.Debug|Any CPU.ActiveCfg = Debug|Any CPU
		{789BBAED-7FD8-4BA2-A90B-7B8E7AA95940}.Debug|Any CPU.Build.0 = Debug|Any CPU
		{789BBAED-7FD8-4BA2-A90B-7B8E7AA95940}.Debug|iPhone.ActiveCfg = Debug|Any CPU
		{789BBAED-7FD8-4BA2-A90B-7B8E7AA95940}.Debug|iPhone.Build.0 = Debug|Any CPU
		{789BBAED-7FD8-4BA2-A90B-7B8E7AA95940}.Debug|iPhoneSimulator.ActiveCfg = Debug|Any CPU
		{789BBAED-7FD8-4BA2-A90B-7B8E7AA95940}.Debug|iPhoneSimulator.Build.0 = Debug|Any CPU
		{789BBAED-7FD8-4BA2-A90B-7B8E7AA95940}.Release|Any CPU.ActiveCfg = Release|Any CPU
		{789BBAED-7FD8-4BA2-A90B-7B8E7AA95940}.Release|Any CPU.Build.0 = Release|Any CPU
		{789BBAED-7FD8-4BA2-A90B-7B8E7AA95940}.Release|iPhone.ActiveCfg = Release|Any CPU
		{789BBAED-7FD8-4BA2-A90B-7B8E7AA95940}.Release|iPhone.Build.0 = Release|Any CPU
		{789BBAED-7FD8-4BA2-A90B-7B8E7AA95940}.Release|iPhoneSimulator.ActiveCfg = Release|Any CPU
		{789BBAED-7FD8-4BA2-A90B-7B8E7AA95940}.Release|iPhoneSimulator.Build.0 = Release|Any CPU
	EndGlobalSection
	GlobalSection(SolutionProperties) = preSolution
		HideSolutionNode = FALSE
	EndGlobalSection
	GlobalSection(ExtensibilityGlobals) = postSolution
		SolutionGuid = {3E2E2B0C-8D90-4025-BB92-5CE59D0DD0C4}
	EndGlobalSection
EndGlobal
